
Microsoft Visual Studio Solution File, Format Version 12.00
# Visual Studio Version 16
VisualStudioVersion = 16.0.31112.23
MinimumVisualStudioVersion = 10.0.40219.1
Project("{FAE04EC0-301F-11D3-BF4B-00C04F79EFBC}") = "PIC-Ramesh-Demo", "PIC-Ramesh-Demo.csproj", "{18FBD1CA-60C1-4A94-84C9-2B8298FCD010}"
EndProject
Global
	GlobalSection(SolutionConfigurationPlatforms) = preSolution
		Debug|Any CPU = Debug|Any CPU
		Release|Any CPU = Release|Any CPU
	EndGlobalSection
	GlobalSection(ProjectConfigurationPlatforms) = postSolution
		{18FBD1CA-60C1-4A94-84C9-2B8298FCD010}.Debug|Any CPU.ActiveCfg = Debug|Any CPU
		{18FBD1CA-60C1-4A94-84C9-2B8298FCD010}.Debug|Any CPU.Build.0 = Debug|Any CPU
		{18FBD1CA-60C1-4A94-84C9-2B8298FCD010}.Release|Any CPU.ActiveCfg = Release|Any CPU
		{18FBD1CA-60C1-4A94-84C9-2B8298FCD010}.Release|Any CPU.Build.0 = Release|Any CPU
	EndGlobalSection
	GlobalSection(SolutionProperties) = preSolution
		HideSolutionNode = FALSE
	EndGlobalSection
	GlobalSection(ExtensibilityGlobals) = postSolution
		SolutionGuid = {6F79DA33-F52E-415E-A9F8-06680E9F228D}
	EndGlobalSection
EndGlobal
